
Microsoft Visual Studio Solution File, Format Version 12.00
# Visual Studio 14
VisualStudioVersion = 14.0.25420.1
MinimumVisualStudioVersion = 10.0.40219.1
Project("{FAE04EC0-301F-11D3-BF4B-00C04F79EFBC}") = "EpubMetadataReader", "EpubMetadataReader\EpubMetadataReader.csproj", "{F2F527B3-71DC-4965-8D85-714BA0B12B4E}"
EndProject
Project("{FAE04EC0-301F-11D3-BF4B-00C04F79EFBC}") = "EpubTest", "EpubTest\EpubTest.csproj", "{61FD1650-AD6C-4DAF-8103-813328888206}"
EndProject
Global
	GlobalSection(SolutionConfigurationPlatforms) = preSolution
		Debug|Any CPU = Debug|Any CPU
		Release|Any CPU = Release|Any CPU
	EndGlobalSection
	GlobalSection(ProjectConfigurationPlatforms) = postSolution
		{F2F527B3-71DC-4965-8D85-714BA0B12B4E}.Debug|Any CPU.ActiveCfg = Debug|Any CPU
		{F2F527B3-71DC-4965-8D85-714BA0B12B4E}.Debug|Any CPU.Build.0 = Debug|Any CPU
		{F2F527B3-71DC-4965-8D85-714BA0B12B4E}.Release|Any CPU.ActiveCfg = Release|Any CPU
		{F2F527B3-71DC-4965-8D85-714BA0B12B4E}.Release|Any CPU.Build.0 = Release|Any CPU
		{61FD1650-AD6C-4DAF-8103-813328888206}.Debug|Any CPU.ActiveCfg = Debug|Any CPU
		{61FD1650-AD6C-4DAF-8103-813328888206}.Debug|Any CPU.Build.0 = Debug|Any CPU
		{61FD1650-AD6C-4DAF-8103-813328888206}.Release|Any CPU.ActiveCfg = Release|Any CPU
		{61FD1650-AD6C-4DAF-8103-813328888206}.Release|Any CPU.Build.0 = Release|Any CPU
	EndGlobalSection
	GlobalSection(SolutionProperties) = preSolution
		HideSolutionNode = FALSE
	EndGlobalSection
EndGlobal
